
Microsoft Visual Studio Solution File, Format Version 12.00
# Visual Studio 2015
Project("{FAE04EC0-301F-11D3-BF4B-00C04F79EFBC}") = "menu.CSharp", "menu.CSharp.csproj", "{90FCB1FF-F02A-BB84-8E85-A828881E3626}"
EndProject
Project("{FAE04EC0-301F-11D3-BF4B-00C04F79EFBC}") = "menu.CSharp.Editor", "menu.CSharp.Editor.csproj", "{37362EBC-94DD-71FD-6998-5BAB4372FF19}"
EndProject
Global
	GlobalSection(SolutionConfigurationPlatforms) = preSolution
		Debug|Any CPU = Debug|Any CPU
		Release|Any CPU = Release|Any CPU
	EndGlobalSection
	GlobalSection(ProjectConfigurationPlatforms) = postSolution
		{90FCB1FF-F02A-BB84-8E85-A828881E3626}.Debug|Any CPU.ActiveCfg = Debug|Any CPU
		{90FCB1FF-F02A-BB84-8E85-A828881E3626}.Debug|Any CPU.Build.0 = Debug|Any CPU
		{90FCB1FF-F02A-BB84-8E85-A828881E3626}.Release|Any CPU.ActiveCfg = Release|Any CPU
		{90FCB1FF-F02A-BB84-8E85-A828881E3626}.Release|Any CPU.Build.0 = Release|Any CPU
		{37362EBC-94DD-71FD-6998-5BAB4372FF19}.Debug|Any CPU.ActiveCfg = Debug|Any CPU
		{37362EBC-94DD-71FD-6998-5BAB4372FF19}.Debug|Any CPU.Build.0 = Debug|Any CPU
		{37362EBC-94DD-71FD-6998-5BAB4372FF19}.Release|Any CPU.ActiveCfg = Release|Any CPU
		{37362EBC-94DD-71FD-6998-5BAB4372FF19}.Release|Any CPU.Build.0 = Release|Any CPU
	EndGlobalSection
	GlobalSection(SolutionProperties) = preSolution
		HideSolutionNode = FALSE
	EndGlobalSection
EndGlobal
